// !$*UTF8*$!
{
	archiveVersion = 1;
	classes = {
	};
	objectVersion = 56;
	objects = {

/* Begin PBXBuildFile section */
		920470682C9A6FC200D547FB /* AppDelegate.swift in Sources */ = {isa = PBXBuildFile; fileRef = 920470672C9A6FC200D547FB /* AppDelegate.swift */; };
		9204706A2C9A6FC200D547FB /* SceneDelegate.swift in Sources */ = {isa = PBXBuildFile; fileRef = 920470692C9A6FC200D547FB /* SceneDelegate.swift */; };
		9204706C2C9A6FC200D547FB /* CalendarViewController.swift in Sources */ = {isa = PBXBuildFile; fileRef = 9204706B2C9A6FC200D547FB /* CalendarViewController.swift */; };
		920470712C9A6FC400D547FB /* Assets.xcassets in Resources */ = {isa = PBXBuildFile; fileRef = 920470702C9A6FC400D547FB /* Assets.xcassets */; };
		920470742C9A6FC400D547FB /* LaunchScreen.storyboard in Resources */ = {isa = PBXBuildFile; fileRef = 920470722C9A6FC400D547FB /* LaunchScreen.storyboard */; };
		920470812C9A762200D547FB /* Font.swift in Sources */ = {isa = PBXBuildFile; fileRef = 920470802C9A762200D547FB /* Font.swift */; };
		920470832C9A768200D547FB /* UIFont+.swift in Sources */ = {isa = PBXBuildFile; fileRef = 920470822C9A768200D547FB /* UIFont+.swift */; };
		920470852C9A76F700D547FB /* UIFontMetrics+.swift in Sources */ = {isa = PBXBuildFile; fileRef = 920470842C9A76F700D547FB /* UIFontMetrics+.swift */; };
		9204708B2C9A90CA00D547FB /* MainButton.swift in Sources */ = {isa = PBXBuildFile; fileRef = 9204708A2C9A90C900D547FB /* MainButton.swift */; };
		9204709D2C9B2C2200D547FB /* TextButton.swift in Sources */ = {isa = PBXBuildFile; fileRef = 9204709C2C9B2C2200D547FB /* TextButton.swift */; };
		9204709F2C9BB5CC00D547FB /* ToastProtocol.swift in Sources */ = {isa = PBXBuildFile; fileRef = 9204709E2C9BB5CC00D547FB /* ToastProtocol.swift */; };
		920470A22C9BB92D00D547FB /* ToastView.swift in Sources */ = {isa = PBXBuildFile; fileRef = 920470A12C9BB92D00D547FB /* ToastView.swift */; };
		920470A52C9BBC6B00D547FB /* UIImage+.swift in Sources */ = {isa = PBXBuildFile; fileRef = 920470A42C9BBC6B00D547FB /* UIImage+.swift */; };
		920470A92C9BC45B00D547FB /* PopUpView.swift in Sources */ = {isa = PBXBuildFile; fileRef = 920470A82C9BC45B00D547FB /* PopUpView.swift */; };
		920470AB2C9D47BC00D547FB /* PopUpProtocol.swift in Sources */ = {isa = PBXBuildFile; fileRef = 920470AA2C9D47BC00D547FB /* PopUpProtocol.swift */; };
		9298888F2CDDC97E0011DE3C /* SnapKit in Frameworks */ = {isa = PBXBuildFile; productRef = 9298888E2CDDC97E0011DE3C /* SnapKit */; };
		92DD8F262CEC8243001197D0 /* NetworkPluginProtocol.swift in Sources */ = {isa = PBXBuildFile; fileRef = 92DD8F252CEC8238001197D0 /* NetworkPluginProtocol.swift */; };
		92DD8F282CEC82FC001197D0 /* NetworkSerializable.swift in Sources */ = {isa = PBXBuildFile; fileRef = 92DD8F272CEC82FA001197D0 /* NetworkSerializable.swift */; };
		92DD8F2A2CEC830F001197D0 /* NetworkDeserializable.swift in Sources */ = {isa = PBXBuildFile; fileRef = 92DD8F292CEC830E001197D0 /* NetworkDeserializable.swift */; };
		92DD8F2F2CEC8365001197D0 /* JSONNetworkSerializer.swift in Sources */ = {isa = PBXBuildFile; fileRef = 92DD8F2E2CEC8363001197D0 /* JSONNetworkSerializer.swift */; };
		92DD8F312CEC8371001197D0 /* JSONNetworkDeserializer.swift in Sources */ = {isa = PBXBuildFile; fileRef = 92DD8F302CEC8370001197D0 /* JSONNetworkDeserializer.swift */; };
		92DD8F342CEC879A001197D0 /* NetworkSessionProtocol.swift in Sources */ = {isa = PBXBuildFile; fileRef = 92DD8F332CEC8793001197D0 /* NetworkSessionProtocol.swift */; };
		92DD8F362CEC87B1001197D0 /* NetworkSession.swift in Sources */ = {isa = PBXBuildFile; fileRef = 92DD8F352CEC87B0001197D0 /* NetworkSession.swift */; };
		92DD8F3A2CEC8A38001197D0 /* NetworkBuilderProtocol.swift in Sources */ = {isa = PBXBuildFile; fileRef = 92DD8F392CEC8A36001197D0 /* NetworkBuilderProtocol.swift */; };
		92DD8F412CEC9579001197D0 /* BaseURLResolvable.swift in Sources */ = {isa = PBXBuildFile; fileRef = 92DD8F402CEC9577001197D0 /* BaseURLResolvable.swift */; };
		92DD8F432CEC9587001197D0 /* BaseURLRegistrable.swift in Sources */ = {isa = PBXBuildFile; fileRef = 92DD8F422CEC9586001197D0 /* BaseURLRegistrable.swift */; };
		92DD8F452CEC9596001197D0 /* BaseURLType.swift in Sources */ = {isa = PBXBuildFile; fileRef = 92DD8F442CEC9595001197D0 /* BaseURLType.swift */; };
		92DD8F472CEC95A8001197D0 /* BaseURLManager.swift in Sources */ = {isa = PBXBuildFile; fileRef = 92DD8F462CEC95A7001197D0 /* BaseURLManager.swift */; };
		92DD8F4D2CEC9984001197D0 /* UserDTO.swift in Sources */ = {isa = PBXBuildFile; fileRef = 92DD8F4C2CEC997F001197D0 /* UserDTO.swift */; };
/* End PBXBuildFile section */

/* Begin PBXContainerItemProxy section */
		923742022CE35EC800A7BE19 /* PBXContainerItemProxy */ = {
			isa = PBXContainerItemProxy;
			containerPortal = 9204705C2C9A6FC200D547FB /* Project object */;
			proxyType = 1;
			remoteGlobalIDString = 920470632C9A6FC200D547FB;
			remoteInfo = echog;
		};
/* End PBXContainerItemProxy section */

/* Begin PBXCopyFilesBuildPhase section */
		923741F52CDDCAC700A7BE19 /* Embed Frameworks */ = {
			isa = PBXCopyFilesBuildPhase;
			buildActionMask = 2147483647;
			dstPath = "";
			dstSubfolderSpec = 10;
			files = (
			);
			name = "Embed Frameworks";
			runOnlyForDeploymentPostprocessing = 0;
		};
/* End PBXCopyFilesBuildPhase section */

/* Begin PBXFileReference section */
		920470642C9A6FC200D547FB /* echog.app */ = {isa = PBXFileReference; explicitFileType = wrapper.application; includeInIndex = 0; path = echog.app; sourceTree = BUILT_PRODUCTS_DIR; };
		920470672C9A6FC200D547FB /* AppDelegate.swift */ = {isa = PBXFileReference; lastKnownFileType = sourcecode.swift; path = AppDelegate.swift; sourceTree = "<group>"; };
		920470692C9A6FC200D547FB /* SceneDelegate.swift */ = {isa = PBXFileReference; lastKnownFileType = sourcecode.swift; path = SceneDelegate.swift; sourceTree = "<group>"; };
		9204706B2C9A6FC200D547FB /* CalendarViewController.swift */ = {isa = PBXFileReference; lastKnownFileType = sourcecode.swift; path = CalendarViewController.swift; sourceTree = "<group>"; };
		920470702C9A6FC400D547FB /* Assets.xcassets */ = {isa = PBXFileReference; lastKnownFileType = folder.assetcatalog; path = Assets.xcassets; sourceTree = "<group>"; };
		920470732C9A6FC400D547FB /* Base */ = {isa = PBXFileReference; lastKnownFileType = file.storyboard; name = Base; path = Base.lproj/LaunchScreen.storyboard; sourceTree = "<group>"; };
		920470752C9A6FC400D547FB /* Info.plist */ = {isa = PBXFileReference; lastKnownFileType = text.plist.xml; path = Info.plist; sourceTree = "<group>"; };
		9204707E2C9A760300D547FB /* Pretendard-SemiBold.otf */ = {isa = PBXFileReference; lastKnownFileType = file; path = "Pretendard-SemiBold.otf"; sourceTree = "<group>"; };
		9204707F2C9A760F00D547FB /* Pretendard-Medium.otf */ = {isa = PBXFileReference; lastKnownFileType = file; path = "Pretendard-Medium.otf"; sourceTree = "<group>"; };
		920470802C9A762200D547FB /* Font.swift */ = {isa = PBXFileReference; lastKnownFileType = sourcecode.swift; path = Font.swift; sourceTree = "<group>"; };
		920470822C9A768200D547FB /* UIFont+.swift */ = {isa = PBXFileReference; lastKnownFileType = sourcecode.swift; path = "UIFont+.swift"; sourceTree = "<group>"; };
		920470842C9A76F700D547FB /* UIFontMetrics+.swift */ = {isa = PBXFileReference; lastKnownFileType = sourcecode.swift; path = "UIFontMetrics+.swift"; sourceTree = "<group>"; };
		920470872C9A7A7300D547FB /* Pretendard-Regular.otf */ = {isa = PBXFileReference; lastKnownFileType = file; path = "Pretendard-Regular.otf"; sourceTree = "<group>"; };
		9204708A2C9A90C900D547FB /* MainButton.swift */ = {isa = PBXFileReference; lastKnownFileType = sourcecode.swift; path = MainButton.swift; sourceTree = "<group>"; };
		9204709A2C9B252A00D547FB /* OTSBAggroM.otf */ = {isa = PBXFileReference; lastKnownFileType = file; path = OTSBAggroM.otf; sourceTree = "<group>"; };
		9204709C2C9B2C2200D547FB /* TextButton.swift */ = {isa = PBXFileReference; lastKnownFileType = sourcecode.swift; path = TextButton.swift; sourceTree = "<group>"; };
		9204709E2C9BB5CC00D547FB /* ToastProtocol.swift */ = {isa = PBXFileReference; lastKnownFileType = sourcecode.swift; path = ToastProtocol.swift; sourceTree = "<group>"; };
		920470A12C9BB92D00D547FB /* ToastView.swift */ = {isa = PBXFileReference; lastKnownFileType = sourcecode.swift; path = ToastView.swift; sourceTree = "<group>"; };
		920470A42C9BBC6B00D547FB /* UIImage+.swift */ = {isa = PBXFileReference; lastKnownFileType = sourcecode.swift; path = "UIImage+.swift"; sourceTree = "<group>"; };
		920470A82C9BC45B00D547FB /* PopUpView.swift */ = {isa = PBXFileReference; lastKnownFileType = sourcecode.swift; path = PopUpView.swift; sourceTree = "<group>"; };
		920470AA2C9D47BC00D547FB /* PopUpProtocol.swift */ = {isa = PBXFileReference; lastKnownFileType = sourcecode.swift; path = PopUpProtocol.swift; sourceTree = "<group>"; };
		923741FC2CE35EC800A7BE19 /* EchogUITest.xctest */ = {isa = PBXFileReference; explicitFileType = wrapper.cfbundle; includeInIndex = 0; path = EchogUITest.xctest; sourceTree = BUILT_PRODUCTS_DIR; };
		92DD8F252CEC8238001197D0 /* NetworkPluginProtocol.swift */ = {isa = PBXFileReference; lastKnownFileType = sourcecode.swift; path = NetworkPluginProtocol.swift; sourceTree = "<group>"; };
		92DD8F272CEC82FA001197D0 /* NetworkSerializable.swift */ = {isa = PBXFileReference; lastKnownFileType = sourcecode.swift; path = NetworkSerializable.swift; sourceTree = "<group>"; };
		92DD8F292CEC830E001197D0 /* NetworkDeserializable.swift */ = {isa = PBXFileReference; lastKnownFileType = sourcecode.swift; path = NetworkDeserializable.swift; sourceTree = "<group>"; };
		92DD8F2E2CEC8363001197D0 /* JSONNetworkSerializer.swift */ = {isa = PBXFileReference; lastKnownFileType = sourcecode.swift; path = JSONNetworkSerializer.swift; sourceTree = "<group>"; };
		92DD8F302CEC8370001197D0 /* JSONNetworkDeserializer.swift */ = {isa = PBXFileReference; lastKnownFileType = sourcecode.swift; path = JSONNetworkDeserializer.swift; sourceTree = "<group>"; };
		92DD8F332CEC8793001197D0 /* NetworkSessionProtocol.swift */ = {isa = PBXFileReference; lastKnownFileType = sourcecode.swift; path = NetworkSessionProtocol.swift; sourceTree = "<group>"; };
		92DD8F352CEC87B0001197D0 /* NetworkSession.swift */ = {isa = PBXFileReference; lastKnownFileType = sourcecode.swift; path = NetworkSession.swift; sourceTree = "<group>"; };
		92DD8F392CEC8A36001197D0 /* NetworkBuilderProtocol.swift */ = {isa = PBXFileReference; lastKnownFileType = sourcecode.swift; path = NetworkBuilderProtocol.swift; sourceTree = "<group>"; };
		92DD8F402CEC9577001197D0 /* BaseURLResolvable.swift */ = {isa = PBXFileReference; lastKnownFileType = sourcecode.swift; path = BaseURLResolvable.swift; sourceTree = "<group>"; };
		92DD8F422CEC9586001197D0 /* BaseURLRegistrable.swift */ = {isa = PBXFileReference; lastKnownFileType = sourcecode.swift; path = BaseURLRegistrable.swift; sourceTree = "<group>"; };
		92DD8F442CEC9595001197D0 /* BaseURLType.swift */ = {isa = PBXFileReference; lastKnownFileType = sourcecode.swift; path = BaseURLType.swift; sourceTree = "<group>"; };
		92DD8F462CEC95A7001197D0 /* BaseURLManager.swift */ = {isa = PBXFileReference; lastKnownFileType = sourcecode.swift; path = BaseURLManager.swift; sourceTree = "<group>"; };
		92DD8F4C2CEC997F001197D0 /* UserDTO.swift */ = {isa = PBXFileReference; lastKnownFileType = sourcecode.swift; path = UserDTO.swift; sourceTree = "<group>"; };
/* End PBXFileReference section */

/* Begin PBXFileSystemSynchronizedRootGroup section */
		923741FD2CE35EC800A7BE19 /* EchogUITest */ = {isa = PBXFileSystemSynchronizedRootGroup; explicitFileTypes = {}; explicitFolders = (); path = EchogUITest; sourceTree = "<group>"; };
/* End PBXFileSystemSynchronizedRootGroup section */

/* Begin PBXFrameworksBuildPhase section */
		920470612C9A6FC200D547FB /* Frameworks */ = {
			isa = PBXFrameworksBuildPhase;
			buildActionMask = 2147483647;
			files = (
				9298888F2CDDC97E0011DE3C /* SnapKit in Frameworks */,
			);
			runOnlyForDeploymentPostprocessing = 0;
		};
		923741F92CE35EC800A7BE19 /* Frameworks */ = {
			isa = PBXFrameworksBuildPhase;
			buildActionMask = 2147483647;
			files = (
			);
			runOnlyForDeploymentPostprocessing = 0;
		};
/* End PBXFrameworksBuildPhase section */

/* Begin PBXGroup section */
		9204705B2C9A6FC200D547FB = {
			isa = PBXGroup;
			children = (
				920470662C9A6FC200D547FB /* echog */,
				923741FD2CE35EC800A7BE19 /* EchogUITest */,
				920470652C9A6FC200D547FB /* Products */,
			);
			sourceTree = "<group>";
		};
		920470652C9A6FC200D547FB /* Products */ = {
			isa = PBXGroup;
			children = (
				920470642C9A6FC200D547FB /* echog.app */,
				923741FC2CE35EC800A7BE19 /* EchogUITest.xctest */,
			);
			name = Products;
			sourceTree = "<group>";
		};
		920470662C9A6FC200D547FB /* echog */ = {
			isa = PBXGroup;
			children = (
				92DD8F4B2CEC9979001197D0 /* Model */,
				92DD8F482CEC9942001197D0 /* User */,
				9204707B2C9A75D000D547FB /* Application */,
				920470912C9ACBA700D547FB /* Presentation */,
				920470922C9ACBBA00D547FB /* Domain */,
				920470932C9ACBBF00D547FB /* Data */,
				92DD8F062CEC417D001197D0 /* Infrastructure */,
				9204707C2C9A75DD00D547FB /* Design System */,
				920470702C9A6FC400D547FB /* Assets.xcassets */,
				920470722C9A6FC400D547FB /* LaunchScreen.storyboard */,
				920470752C9A6FC400D547FB /* Info.plist */,
			);
			path = echog;
			sourceTree = "<group>";
		};
		9204707B2C9A75D000D547FB /* Application */ = {
			isa = PBXGroup;
			children = (
				920470672C9A6FC200D547FB /* AppDelegate.swift */,
				920470692C9A6FC200D547FB /* SceneDelegate.swift */,
			);
			path = Application;
			sourceTree = "<group>";
		};
		9204707C2C9A75DD00D547FB /* Design System */ = {
			isa = PBXGroup;
			children = (
				920470A32C9BBC5B00D547FB /* Extension */,
				920470882C9A909A00D547FB /* Compoment */,
				9204707D2C9A75F000D547FB /* Font */,
			);
			path = "Design System";
			sourceTree = "<group>";
		};
		9204707D2C9A75F000D547FB /* Font */ = {
			isa = PBXGroup;
			children = (
				9204707E2C9A760300D547FB /* Pretendard-SemiBold.otf */,
				920470872C9A7A7300D547FB /* Pretendard-Regular.otf */,
				9204707F2C9A760F00D547FB /* Pretendard-Medium.otf */,
				9204709A2C9B252A00D547FB /* OTSBAggroM.otf */,
				920470802C9A762200D547FB /* Font.swift */,
				920470822C9A768200D547FB /* UIFont+.swift */,
				920470842C9A76F700D547FB /* UIFontMetrics+.swift */,
			);
			path = Font;
			sourceTree = "<group>";
		};
		920470882C9A909A00D547FB /* Compoment */ = {
			isa = PBXGroup;
			children = (
				920470A72C9BC44B00D547FB /* View */,
				920470A62C9BC42400D547FB /* Protocol */,
				920470892C9A90AD00D547FB /* Button */,
			);
			path = Compoment;
			sourceTree = "<group>";
		};
		920470892C9A90AD00D547FB /* Button */ = {
			isa = PBXGroup;
			children = (
				9204708A2C9A90C900D547FB /* MainButton.swift */,
				9204709C2C9B2C2200D547FB /* TextButton.swift */,
			);
			path = Button;
			sourceTree = "<group>";
		};
		920470912C9ACBA700D547FB /* Presentation */ = {
			isa = PBXGroup;
			children = (
				9204706B2C9A6FC200D547FB /* CalendarViewController.swift */,
			);
			path = Presentation;
			sourceTree = "<group>";
		};
		920470922C9ACBBA00D547FB /* Domain */ = {
			isa = PBXGroup;
			children = (
			);
			path = Domain;
			sourceTree = "<group>";
		};
		920470932C9ACBBF00D547FB /* Data */ = {
			isa = PBXGroup;
			children = (
			);
			path = Data;
			sourceTree = "<group>";
		};
		920470A32C9BBC5B00D547FB /* Extension */ = {
			isa = PBXGroup;
			children = (
				920470A42C9BBC6B00D547FB /* UIImage+.swift */,
			);
			path = Extension;
			sourceTree = "<group>";
		};
		920470A62C9BC42400D547FB /* Protocol */ = {
			isa = PBXGroup;
			children = (
				9204709E2C9BB5CC00D547FB /* ToastProtocol.swift */,
				920470AA2C9D47BC00D547FB /* PopUpProtocol.swift */,
			);
			path = Protocol;
			sourceTree = "<group>";
		};
		920470A72C9BC44B00D547FB /* View */ = {
			isa = PBXGroup;
			children = (
				920470A82C9BC45B00D547FB /* PopUpView.swift */,
				920470A12C9BB92D00D547FB /* ToastView.swift */,
			);
			path = View;
			sourceTree = "<group>";
		};
		92DD8F062CEC417D001197D0 /* Infrastructure */ = {
			isa = PBXGroup;
			children = (
				92DD8F072CEC418C001197D0 /* Network */,
			);
			path = Infrastructure;
			sourceTree = "<group>";
		};
		92DD8F072CEC418C001197D0 /* Network */ = {
			isa = PBXGroup;
			children = (
				92DD8F3F2CEC9566001197D0 /* BaseURL */,
				92DD8F322CEC878C001197D0 /* Session */,
				92DD8F3C2CEC8AB6001197D0 /* Plugin */,
				92DD8F2B2CEC8325001197D0 /* Serializer */,
				92DD8F3B2CEC8AA0001197D0 /* Builder */,
			);
			path = Network;
			sourceTree = "<group>";
		};
		92DD8F2B2CEC8325001197D0 /* Serializer */ = {
			isa = PBXGroup;
			children = (
				92DD8F2D2CEC8356001197D0 /* Implementation */,
				92DD8F2C2CEC8330001197D0 /* Interface */,
			);
			path = Serializer;
			sourceTree = "<group>";
		};
		92DD8F2C2CEC8330001197D0 /* Interface */ = {
			isa = PBXGroup;
			children = (
				92DD8F272CEC82FA001197D0 /* NetworkSerializable.swift */,
				92DD8F292CEC830E001197D0 /* NetworkDeserializable.swift */,
			);
			path = Interface;
			sourceTree = "<group>";
		};
		92DD8F2D2CEC8356001197D0 /* Implementation */ = {
			isa = PBXGroup;
			children = (
				92DD8F2E2CEC8363001197D0 /* JSONNetworkSerializer.swift */,
				92DD8F302CEC8370001197D0 /* JSONNetworkDeserializer.swift */,
			);
			path = Implementation;
			sourceTree = "<group>";
		};
		92DD8F322CEC878C001197D0 /* Session */ = {
			isa = PBXGroup;
			children = (
				92DD8F352CEC87B0001197D0 /* NetworkSession.swift */,
				92DD8F332CEC8793001197D0 /* NetworkSessionProtocol.swift */,
			);
			path = Session;
			sourceTree = "<group>";
		};
		92DD8F3B2CEC8AA0001197D0 /* Builder */ = {
			isa = PBXGroup;
			children = (
				92DD8F392CEC8A36001197D0 /* NetworkBuilderProtocol.swift */,
			);
			path = Builder;
			sourceTree = "<group>";
		};
		92DD8F3C2CEC8AB6001197D0 /* Plugin */ = {
			isa = PBXGroup;
			children = (
				92DD8F252CEC8238001197D0 /* NetworkPluginProtocol.swift */,
			);
			path = Plugin;
			sourceTree = "<group>";
		};
		92DD8F3F2CEC9566001197D0 /* BaseURL */ = {
			isa = PBXGroup;
			children = (
				92DD8F462CEC95A7001197D0 /* BaseURLManager.swift */,
				92DD8F442CEC9595001197D0 /* BaseURLType.swift */,
				92DD8F422CEC9586001197D0 /* BaseURLRegistrable.swift */,
				92DD8F402CEC9577001197D0 /* BaseURLResolvable.swift */,
			);
			path = BaseURL;
			sourceTree = "<group>";
		};
		92DD8F4B2CEC9979001197D0 /* Model */ = {
			isa = PBXGroup;
			children = (
				92DD8F4C2CEC997F001197D0 /* UserDTO.swift */,
			);
			path = Model;
			sourceTree = "<group>";
		};
/* End PBXGroup section */

/* Begin PBXNativeTarget section */
		920470632C9A6FC200D547FB /* echog */ = {
			isa = PBXNativeTarget;
			buildConfigurationList = 920470782C9A6FC400D547FB /* Build configuration list for PBXNativeTarget "echog" */;
			buildPhases = (
				920470602C9A6FC200D547FB /* Sources */,
				920470612C9A6FC200D547FB /* Frameworks */,
				920470622C9A6FC200D547FB /* Resources */,
				923741F52CDDCAC700A7BE19 /* Embed Frameworks */,
			);
			buildRules = (
			);
			dependencies = (
			);
			name = echog;
			packageProductDependencies = (
				9298888E2CDDC97E0011DE3C /* SnapKit */,
			);
			productName = echog;
			productReference = 920470642C9A6FC200D547FB /* echog.app */;
			productType = "com.apple.product-type.application";
		};
		923741FB2CE35EC800A7BE19 /* EchogUITest */ = {
			isa = PBXNativeTarget;
			buildConfigurationList = 923742042CE35EC800A7BE19 /* Build configuration list for PBXNativeTarget "EchogUITest" */;
			buildPhases = (
				923741F82CE35EC800A7BE19 /* Sources */,
				923741F92CE35EC800A7BE19 /* Frameworks */,
				923741FA2CE35EC800A7BE19 /* Resources */,
			);
			buildRules = (
			);
			dependencies = (
				923742032CE35EC800A7BE19 /* PBXTargetDependency */,
			);
			fileSystemSynchronizedGroups = (
				923741FD2CE35EC800A7BE19 /* EchogUITest */,
			);
			name = EchogUITest;
			packageProductDependencies = (
			);
			productName = EchogUITest;
			productReference = 923741FC2CE35EC800A7BE19 /* EchogUITest.xctest */;
			productType = "com.apple.product-type.bundle.ui-testing";
		};
/* End PBXNativeTarget section */

/* Begin PBXProject section */
		9204705C2C9A6FC200D547FB /* Project object */ = {
			isa = PBXProject;
			attributes = {
				BuildIndependentTargetsInParallel = 1;
				LastSwiftUpdateCheck = 1600;
				LastUpgradeCheck = 1500;
				TargetAttributes = {
					920470632C9A6FC200D547FB = {
						CreatedOnToolsVersion = 15.0;
					};
					923741FB2CE35EC800A7BE19 = {
						CreatedOnToolsVersion = 16.0;
						TestTargetID = 920470632C9A6FC200D547FB;
					};
				};
			};
			buildConfigurationList = 9204705F2C9A6FC200D547FB /* Build configuration list for PBXProject "echog" */;
			compatibilityVersion = "Xcode 14.0";
			developmentRegion = en;
			hasScannedForEncodings = 0;
			knownRegions = (
				en,
				Base,
			);
			mainGroup = 9204705B2C9A6FC200D547FB;
			packageReferences = (
				9298888D2CDDC97E0011DE3C /* XCRemoteSwiftPackageReference "SnapKit" */,
			);
			productRefGroup = 920470652C9A6FC200D547FB /* Products */;
			projectDirPath = "";
			projectRoot = "";
			targets = (
				920470632C9A6FC200D547FB /* echog */,
				923741FB2CE35EC800A7BE19 /* EchogUITest */,
			);
		};
/* End PBXProject section */

/* Begin PBXResourcesBuildPhase section */
		920470622C9A6FC200D547FB /* Resources */ = {
			isa = PBXResourcesBuildPhase;
			buildActionMask = 2147483647;
			files = (
				920470742C9A6FC400D547FB /* LaunchScreen.storyboard in Resources */,
				920470712C9A6FC400D547FB /* Assets.xcassets in Resources */,
			);
			runOnlyForDeploymentPostprocessing = 0;
		};
		923741FA2CE35EC800A7BE19 /* Resources */ = {
			isa = PBXResourcesBuildPhase;
			buildActionMask = 2147483647;
			files = (
			);
			runOnlyForDeploymentPostprocessing = 0;
		};
/* End PBXResourcesBuildPhase section */

/* Begin PBXSourcesBuildPhase section */
		920470602C9A6FC200D547FB /* Sources */ = {
			isa = PBXSourcesBuildPhase;
			buildActionMask = 2147483647;
			files = (
				92DD8F312CEC8371001197D0 /* JSONNetworkDeserializer.swift in Sources */,
				92DD8F2F2CEC8365001197D0 /* JSONNetworkSerializer.swift in Sources */,
				92DD8F452CEC9596001197D0 /* BaseURLType.swift in Sources */,
				92DD8F362CEC87B1001197D0 /* NetworkSession.swift in Sources */,
				92DD8F4D2CEC9984001197D0 /* UserDTO.swift in Sources */,
				92DD8F3A2CEC8A38001197D0 /* NetworkBuilderProtocol.swift in Sources */,
				92DD8F432CEC9587001197D0 /* BaseURLRegistrable.swift in Sources */,
				920470812C9A762200D547FB /* Font.swift in Sources */,
				9204706C2C9A6FC200D547FB /* CalendarViewController.swift in Sources */,
				92DD8F2A2CEC830F001197D0 /* NetworkDeserializable.swift in Sources */,
				9204708B2C9A90CA00D547FB /* MainButton.swift in Sources */,
				920470832C9A768200D547FB /* UIFont+.swift in Sources */,
				9204709D2C9B2C2200D547FB /* TextButton.swift in Sources */,
				92DD8F282CEC82FC001197D0 /* NetworkSerializable.swift in Sources */,
				92DD8F342CEC879A001197D0 /* NetworkSessionProtocol.swift in Sources */,
				920470682C9A6FC200D547FB /* AppDelegate.swift in Sources */,
				920470852C9A76F700D547FB /* UIFontMetrics+.swift in Sources */,
				92DD8F472CEC95A8001197D0 /* BaseURLManager.swift in Sources */,
				9204709F2C9BB5CC00D547FB /* ToastProtocol.swift in Sources */,
				92DD8F262CEC8243001197D0 /* NetworkPluginProtocol.swift in Sources */,
				92DD8F412CEC9579001197D0 /* BaseURLResolvable.swift in Sources */,
				920470A52C9BBC6B00D547FB /* UIImage+.swift in Sources */,
				920470A92C9BC45B00D547FB /* PopUpView.swift in Sources */,
				920470AB2C9D47BC00D547FB /* PopUpProtocol.swift in Sources */,
				920470A22C9BB92D00D547FB /* ToastView.swift in Sources */,
				9204706A2C9A6FC200D547FB /* SceneDelegate.swift in Sources */,
			);
			runOnlyForDeploymentPostprocessing = 0;
		};
		923741F82CE35EC800A7BE19 /* Sources */ = {
			isa = PBXSourcesBuildPhase;
			buildActionMask = 2147483647;
			files = (
			);
			runOnlyForDeploymentPostprocessing = 0;
		};
/* End PBXSourcesBuildPhase section */

/* Begin PBXTargetDependency section */
		923742032CE35EC800A7BE19 /* PBXTargetDependency */ = {
			isa = PBXTargetDependency;
			target = 920470632C9A6FC200D547FB /* echog */;
			targetProxy = 923742022CE35EC800A7BE19 /* PBXContainerItemProxy */;
		};
/* End PBXTargetDependency section */

/* Begin PBXVariantGroup section */
		920470722C9A6FC400D547FB /* LaunchScreen.storyboard */ = {
			isa = PBXVariantGroup;
			children = (
				920470732C9A6FC400D547FB /* Base */,
			);
			name = LaunchScreen.storyboard;
			sourceTree = "<group>";
		};
/* End PBXVariantGroup section */

/* Begin XCBuildConfiguration section */
		920470762C9A6FC400D547FB /* Debug */ = {
			isa = XCBuildConfiguration;
			buildSettings = {
				ALWAYS_SEARCH_USER_PATHS = NO;
				ASSETCATALOG_COMPILER_GENERATE_SWIFT_ASSET_SYMBOL_EXTENSIONS = YES;
				CLANG_ANALYZER_NONNULL = YES;
				CLANG_ANALYZER_NUMBER_OBJECT_CONVERSION = YES_AGGRESSIVE;
				CLANG_CXX_LANGUAGE_STANDARD = "gnu++20";
				CLANG_ENABLE_MODULES = YES;
				CLANG_ENABLE_OBJC_ARC = YES;
				CLANG_ENABLE_OBJC_WEAK = YES;
				CLANG_WARN_BLOCK_CAPTURE_AUTORELEASING = YES;
				CLANG_WARN_BOOL_CONVERSION = YES;
				CLANG_WARN_COMMA = YES;
				CLANG_WARN_CONSTANT_CONVERSION = YES;
				CLANG_WARN_DEPRECATED_OBJC_IMPLEMENTATIONS = YES;
				CLANG_WARN_DIRECT_OBJC_ISA_USAGE = YES_ERROR;
				CLANG_WARN_DOCUMENTATION_COMMENTS = YES;
				CLANG_WARN_EMPTY_BODY = YES;
				CLANG_WARN_ENUM_CONVERSION = YES;
				CLANG_WARN_INFINITE_RECURSION = YES;
				CLANG_WARN_INT_CONVERSION = YES;
				CLANG_WARN_NON_LITERAL_NULL_CONVERSION = YES;
				CLANG_WARN_OBJC_IMPLICIT_RETAIN_SELF = YES;
				CLANG_WARN_OBJC_LITERAL_CONVERSION = YES;
				CLANG_WARN_OBJC_ROOT_CLASS = YES_ERROR;
				CLANG_WARN_QUOTED_INCLUDE_IN_FRAMEWORK_HEADER = YES;
				CLANG_WARN_RANGE_LOOP_ANALYSIS = YES;
				CLANG_WARN_STRICT_PROTOTYPES = YES;
				CLANG_WARN_SUSPICIOUS_MOVE = YES;
				CLANG_WARN_UNGUARDED_AVAILABILITY = YES_AGGRESSIVE;
				CLANG_WARN_UNREACHABLE_CODE = YES;
				CLANG_WARN__DUPLICATE_METHOD_MATCH = YES;
				COPY_PHASE_STRIP = NO;
				DEBUG_INFORMATION_FORMAT = dwarf;
				ENABLE_STRICT_OBJC_MSGSEND = YES;
				ENABLE_TESTABILITY = YES;
				ENABLE_USER_SCRIPT_SANDBOXING = YES;
				GCC_C_LANGUAGE_STANDARD = gnu17;
				GCC_DYNAMIC_NO_PIC = NO;
				GCC_NO_COMMON_BLOCKS = YES;
				GCC_OPTIMIZATION_LEVEL = 0;
				GCC_PREPROCESSOR_DEFINITIONS = (
					"DEBUG=1",
					"$(inherited)",
				);
				GCC_WARN_64_TO_32_BIT_CONVERSION = YES;
				GCC_WARN_ABOUT_RETURN_TYPE = YES_ERROR;
				GCC_WARN_UNDECLARED_SELECTOR = YES;
				GCC_WARN_UNINITIALIZED_AUTOS = YES_AGGRESSIVE;
				GCC_WARN_UNUSED_FUNCTION = YES;
				GCC_WARN_UNUSED_VARIABLE = YES;
				IPHONEOS_DEPLOYMENT_TARGET = 17.0;
				LOCALIZATION_PREFERS_STRING_CATALOGS = YES;
				MTL_ENABLE_DEBUG_INFO = INCLUDE_SOURCE;
				MTL_FAST_MATH = YES;
				ONLY_ACTIVE_ARCH = NO;
				SDKROOT = iphoneos;
				SWIFT_ACTIVE_COMPILATION_CONDITIONS = "DEBUG $(inherited)";
				SWIFT_OPTIMIZATION_LEVEL = "-Onone";
			};
			name = Debug;
		};
		920470772C9A6FC400D547FB /* Release */ = {
			isa = XCBuildConfiguration;
			buildSettings = {
				ALWAYS_SEARCH_USER_PATHS = NO;
				ASSETCATALOG_COMPILER_GENERATE_SWIFT_ASSET_SYMBOL_EXTENSIONS = YES;
				CLANG_ANALYZER_NONNULL = YES;
				CLANG_ANALYZER_NUMBER_OBJECT_CONVERSION = YES_AGGRESSIVE;
				CLANG_CXX_LANGUAGE_STANDARD = "gnu++20";
				CLANG_ENABLE_MODULES = YES;
				CLANG_ENABLE_OBJC_ARC = YES;
				CLANG_ENABLE_OBJC_WEAK = YES;
				CLANG_WARN_BLOCK_CAPTURE_AUTORELEASING = YES;
				CLANG_WARN_BOOL_CONVERSION = YES;
				CLANG_WARN_COMMA = YES;
				CLANG_WARN_CONSTANT_CONVERSION = YES;
				CLANG_WARN_DEPRECATED_OBJC_IMPLEMENTATIONS = YES;
				CLANG_WARN_DIRECT_OBJC_ISA_USAGE = YES_ERROR;
				CLANG_WARN_DOCUMENTATION_COMMENTS = YES;
				CLANG_WARN_EMPTY_BODY = YES;
				CLANG_WARN_ENUM_CONVERSION = YES;
				CLANG_WARN_INFINITE_RECURSION = YES;
				CLANG_WARN_INT_CONVERSION = YES;
				CLANG_WARN_NON_LITERAL_NULL_CONVERSION = YES;
				CLANG_WARN_OBJC_IMPLICIT_RETAIN_SELF = YES;
				CLANG_WARN_OBJC_LITERAL_CONVERSION = YES;
				CLANG_WARN_OBJC_ROOT_CLASS = YES_ERROR;
				CLANG_WARN_QUOTED_INCLUDE_IN_FRAMEWORK_HEADER = YES;
				CLANG_WARN_RANGE_LOOP_ANALYSIS = YES;
				CLANG_WARN_STRICT_PROTOTYPES = YES;
				CLANG_WARN_SUSPICIOUS_MOVE = YES;
				CLANG_WARN_UNGUARDED_AVAILABILITY = YES_AGGRESSIVE;
				CLANG_WARN_UNREACHABLE_CODE = YES;
				CLANG_WARN__DUPLICATE_METHOD_MATCH = YES;
				COPY_PHASE_STRIP = NO;
				DEBUG_INFORMATION_FORMAT = "dwarf-with-dsym";
				ENABLE_NS_ASSERTIONS = NO;
				ENABLE_STRICT_OBJC_MSGSEND = YES;
				ENABLE_USER_SCRIPT_SANDBOXING = YES;
				GCC_C_LANGUAGE_STANDARD = gnu17;
				GCC_NO_COMMON_BLOCKS = YES;
				GCC_WARN_64_TO_32_BIT_CONVERSION = YES;
				GCC_WARN_ABOUT_RETURN_TYPE = YES_ERROR;
				GCC_WARN_UNDECLARED_SELECTOR = YES;
				GCC_WARN_UNINITIALIZED_AUTOS = YES_AGGRESSIVE;
				GCC_WARN_UNUSED_FUNCTION = YES;
				GCC_WARN_UNUSED_VARIABLE = YES;
				IPHONEOS_DEPLOYMENT_TARGET = 17.0;
				LOCALIZATION_PREFERS_STRING_CATALOGS = YES;
				MTL_ENABLE_DEBUG_INFO = NO;
				MTL_FAST_MATH = YES;
				SDKROOT = iphoneos;
				SWIFT_COMPILATION_MODE = wholemodule;
				VALIDATE_PRODUCT = YES;
			};
			name = Release;
		};
		920470792C9A6FC400D547FB /* Debug */ = {
			isa = XCBuildConfiguration;
			buildSettings = {
				ASSETCATALOG_COMPILER_APPICON_NAME = AppIcon;
				ASSETCATALOG_COMPILER_GLOBAL_ACCENT_COLOR_NAME = AccentColor;
				CODE_SIGN_STYLE = Automatic;
				CURRENT_PROJECT_VERSION = 1;
				DEVELOPMENT_TEAM = BMG3X5CM6G;
				GENERATE_INFOPLIST_FILE = YES;
				INFOPLIST_FILE = echog/Info.plist;
				INFOPLIST_KEY_UIApplicationSupportsIndirectInputEvents = YES;
				INFOPLIST_KEY_UILaunchStoryboardName = LaunchScreen;
				INFOPLIST_KEY_UIStatusBarHidden = YES;
				INFOPLIST_KEY_UISupportedInterfaceOrientations_iPad = "UIInterfaceOrientationPortrait UIInterfaceOrientationPortraitUpsideDown UIInterfaceOrientationLandscapeLeft UIInterfaceOrientationLandscapeRight";
				INFOPLIST_KEY_UISupportedInterfaceOrientations_iPhone = "UIInterfaceOrientationPortrait UIInterfaceOrientationLandscapeLeft UIInterfaceOrientationLandscapeRight";
				LD_RUNPATH_SEARCH_PATHS = (
					"$(inherited)",
					"@executable_path/Frameworks",
				);
				MARKETING_VERSION = 1.0;
				PRODUCT_BUNDLE_IDENTIFIER = kr.traum.marchen.echog;
				PRODUCT_NAME = "$(TARGET_NAME)";
				SWIFT_EMIT_LOC_STRINGS = YES;
				SWIFT_VERSION = 5.0;
				TARGETED_DEVICE_FAMILY = "1,2";
			};
			name = Debug;
		};
		9204707A2C9A6FC400D547FB /* Release */ = {
			isa = XCBuildConfiguration;
			buildSettings = {
				ASSETCATALOG_COMPILER_APPICON_NAME = AppIcon;
				ASSETCATALOG_COMPILER_GLOBAL_ACCENT_COLOR_NAME = AccentColor;
				CODE_SIGN_STYLE = Automatic;
				CURRENT_PROJECT_VERSION = 1;
				DEVELOPMENT_TEAM = BMG3X5CM6G;
				GENERATE_INFOPLIST_FILE = YES;
				INFOPLIST_FILE = echog/Info.plist;
				INFOPLIST_KEY_UIApplicationSupportsIndirectInputEvents = YES;
				INFOPLIST_KEY_UILaunchStoryboardName = LaunchScreen;
				INFOPLIST_KEY_UIStatusBarHidden = YES;
				INFOPLIST_KEY_UISupportedInterfaceOrientations_iPad = "UIInterfaceOrientationPortrait UIInterfaceOrientationPortraitUpsideDown UIInterfaceOrientationLandscapeLeft UIInterfaceOrientationLandscapeRight";
				INFOPLIST_KEY_UISupportedInterfaceOrientations_iPhone = "UIInterfaceOrientationPortrait UIInterfaceOrientationLandscapeLeft UIInterfaceOrientationLandscapeRight";
				LD_RUNPATH_SEARCH_PATHS = (
					"$(inherited)",
					"@executable_path/Frameworks",
				);
				MARKETING_VERSION = 1.0;
				PRODUCT_BUNDLE_IDENTIFIER = kr.traum.marchen.echog;
				PRODUCT_NAME = "$(TARGET_NAME)";
				SWIFT_EMIT_LOC_STRINGS = YES;
				SWIFT_VERSION = 5.0;
				TARGETED_DEVICE_FAMILY = "1,2";
			};
			name = Release;
		};
		923742052CE35EC800A7BE19 /* Debug */ = {
			isa = XCBuildConfiguration;
			buildSettings = {
				CODE_SIGN_STYLE = Automatic;
				CURRENT_PROJECT_VERSION = 1;
				DEVELOPMENT_TEAM = BMG3X5CM6G;
				GENERATE_INFOPLIST_FILE = YES;
				IPHONEOS_DEPLOYMENT_TARGET = 18.0;
				MARKETING_VERSION = 1.0;
				ONLY_ACTIVE_ARCH = YES;
				PRODUCT_BUNDLE_IDENTIFIER = "mint-raum.EchogUITest";
				PRODUCT_NAME = "$(TARGET_NAME)";
				SWIFT_EMIT_LOC_STRINGS = NO;
				SWIFT_VERSION = 5.0;
				TARGETED_DEVICE_FAMILY = "1,2";
				TEST_TARGET_NAME = echog;
			};
			name = Debug;
		};
		923742062CE35EC800A7BE19 /* Release */ = {
			isa = XCBuildConfiguration;
			buildSettings = {
				CODE_SIGN_STYLE = Automatic;
				CURRENT_PROJECT_VERSION = 1;
				DEVELOPMENT_TEAM = BMG3X5CM6G;
				GENERATE_INFOPLIST_FILE = YES;
				IPHONEOS_DEPLOYMENT_TARGET = 18.0;
				MARKETING_VERSION = 1.0;
				PRODUCT_BUNDLE_IDENTIFIER = "mint-raum.EchogUITest";
				PRODUCT_NAME = "$(TARGET_NAME)";
				SWIFT_EMIT_LOC_STRINGS = NO;
				SWIFT_VERSION = 5.0;
				TARGETED_DEVICE_FAMILY = "1,2";
				TEST_TARGET_NAME = echog;
			};
			name = Release;
		};
/* End XCBuildConfiguration section */

/* Begin XCConfigurationList section */
		9204705F2C9A6FC200D547FB /* Build configuration list for PBXProject "echog" */ = {
			isa = XCConfigurationList;
			buildConfigurations = (
				920470762C9A6FC400D547FB /* Debug */,
				920470772C9A6FC400D547FB /* Release */,
			);
			defaultConfigurationIsVisible = 0;
			defaultConfigurationName = Release;
		};
		920470782C9A6FC400D547FB /* Build configuration list for PBXNativeTarget "echog" */ = {
			isa = XCConfigurationList;
			buildConfigurations = (
				920470792C9A6FC400D547FB /* Debug */,
				9204707A2C9A6FC400D547FB /* Release */,
			);
			defaultConfigurationIsVisible = 0;
			defaultConfigurationName = Release;
		};
		923742042CE35EC800A7BE19 /* Build configuration list for PBXNativeTarget "EchogUITest" */ = {
			isa = XCConfigurationList;
			buildConfigurations = (
				923742052CE35EC800A7BE19 /* Debug */,
				923742062CE35EC800A7BE19 /* Release */,
			);
			defaultConfigurationIsVisible = 0;
			defaultConfigurationName = Release;
		};
/* End XCConfigurationList section */

/* Begin XCRemoteSwiftPackageReference section */
		9298888D2CDDC97E0011DE3C /* XCRemoteSwiftPackageReference "SnapKit" */ = {
			isa = XCRemoteSwiftPackageReference;
			repositoryURL = "https://github.com/SnapKit/SnapKit.git";
			requirement = {
				kind = upToNextMajorVersion;
				minimumVersion = 5.0.1;
			};
		};
/* End XCRemoteSwiftPackageReference section */

/* Begin XCSwiftPackageProductDependency section */
		9298888E2CDDC97E0011DE3C /* SnapKit */ = {
			isa = XCSwiftPackageProductDependency;
			package = 9298888D2CDDC97E0011DE3C /* XCRemoteSwiftPackageReference "SnapKit" */;
			productName = SnapKit;
		};
/* End XCSwiftPackageProductDependency section */
	};
	rootObject = 9204705C2C9A6FC200D547FB /* Project object */;
}
