{
  "originHash" : "ae79d2f29c15c39ff88c8fceedee811f10eded2d3073eb96b728cd3a20d64f1d",
  "pins" : [
    {
      "identity" : "keychainmodule",
      "kind" : "remoteSourceControl",
      "location" : "https://github.com/mint3382/KeyChainModule.git",
      "state" : {
        "revision" : "549ecb733e19694108235ade18067e84fa8fee45",
        "version" : "1.0.2"
      }
    },
    {
      "identity" : "lottie-ios",
      "kind" : "remoteSourceControl",
      "location" : "https://github.com/airbnb/lottie-ios.git",
      "state" : {
        "revision" : "047aa81b77adcbf583a966dfef620d17650cc656",
        "version" : "4.5.1"
      }
    },
    {
      "identity" : "snapkit",
      "kind" : "remoteSourceControl",
      "location" : "https://github.com/SnapKit/SnapKit.git",
      "state" : {
        "revision" : "2842e6e84e82eb9a8dac0100ca90d9444b0307f4",
        "version" : "5.7.1"
      }
    }
  ],
  "version" : 3
}
