{
  "originHash" : "9330ba7b2e5856521b5b63ae69bd19da83e8011cf90cc1d592e9e5b1c2c11b5e",
  "pins" : [
    {
      "identity" : "keychainmodule",
      "kind" : "remoteSourceControl",
      "location" : "https://github.com/mint3382/KeyChainModule.git",
      "state" : {
        "revision" : "52663ba05e35474c0fc55a0d615f2bb6339317f1",
        "version" : "1.0.1"
      }
    },
    {
      "identity" : "lottie-ios",
      "kind" : "remoteSourceControl",
      "location" : "https://github.com/airbnb/lottie-ios.git",
      "state" : {
        "revision" : "047aa81b77adcbf583a966dfef620d17650cc656",
        "version" : "4.5.1"
      }
    },
    {
      "identity" : "snapkit",
      "kind" : "remoteSourceControl",
      "location" : "https://github.com/SnapKit/SnapKit.git",
      "state" : {
        "revision" : "2842e6e84e82eb9a8dac0100ca90d9444b0307f4",
        "version" : "5.7.1"
      }
    }
  ],
  "version" : 3
}
